
Microsoft Visual Studio Solution File, Format Version 12.00
# Visual Studio Version 17
VisualStudioVersion = 17.7.34031.279
MinimumVisualStudioVersion = 10.0.40219.1
Project("{FAE04EC0-301F-11D3-BF4B-00C04F79EFBC}") = "Hunting the Manticore", "Hunting the Manticore.csproj", "{098741FE-99D6-447F-A86D-950608651A9A}"
EndProject
Global
	GlobalSection(SolutionConfigurationPlatforms) = preSolution
		Debug|Any CPU = Debug|Any CPU
		Release|Any CPU = Release|Any CPU
	EndGlobalSection
	GlobalSection(ProjectConfigurationPlatforms) = postSolution
		{098741FE-99D6-447F-A86D-950608651A9A}.Debug|Any CPU.ActiveCfg = Debug|Any CPU
		{098741FE-99D6-447F-A86D-950608651A9A}.Debug|Any CPU.Build.0 = Debug|Any CPU
		{098741FE-99D6-447F-A86D-950608651A9A}.Release|Any CPU.ActiveCfg = Release|Any CPU
		{098741FE-99D6-447F-A86D-950608651A9A}.Release|Any CPU.Build.0 = Release|Any CPU
	EndGlobalSection
	GlobalSection(SolutionProperties) = preSolution
		HideSolutionNode = FALSE
	EndGlobalSection
	GlobalSection(ExtensibilityGlobals) = postSolution
		SolutionGuid = {12399AE9-D09C-4C33-8258-190DDFF31A88}
	EndGlobalSection
EndGlobal
