
Microsoft Visual Studio Solution File, Format Version 12.00
# Visual Studio Version 17
VisualStudioVersion = 17.7.34031.279
MinimumVisualStudioVersion = 10.0.40219.1
Project("{FAE04EC0-301F-11D3-BF4B-00C04F79EFBC}") = "Repairing the Clocktower", "Repairing the Clocktower.csproj", "{1CDBC30F-8236-4836-B3FB-CA1B1C847700}"
EndProject
Global
	GlobalSection(SolutionConfigurationPlatforms) = preSolution
		Debug|Any CPU = Debug|Any CPU
		Release|Any CPU = Release|Any CPU
	EndGlobalSection
	GlobalSection(ProjectConfigurationPlatforms) = postSolution
		{1CDBC30F-8236-4836-B3FB-CA1B1C847700}.Debug|Any CPU.ActiveCfg = Debug|Any CPU
		{1CDBC30F-8236-4836-B3FB-CA1B1C847700}.Debug|Any CPU.Build.0 = Debug|Any CPU
		{1CDBC30F-8236-4836-B3FB-CA1B1C847700}.Release|Any CPU.ActiveCfg = Release|Any CPU
		{1CDBC30F-8236-4836-B3FB-CA1B1C847700}.Release|Any CPU.Build.0 = Release|Any CPU
	EndGlobalSection
	GlobalSection(SolutionProperties) = preSolution
		HideSolutionNode = FALSE
	EndGlobalSection
	GlobalSection(ExtensibilityGlobals) = postSolution
		SolutionGuid = {8AA685D5-8489-4584-A2CE-352BBACA630E}
	EndGlobalSection
EndGlobal
